
Microsoft Visual Studio Solution File, Format Version 12.00
# Visual Studio Version 16
VisualStudioVersion = 16.0.30011.22
MinimumVisualStudioVersion = 10.0.40219.1
Project("{9A19103F-16F7-4668-BE54-9A1E7A4F7556}") = "CloudDrive.Connector.Common", "CloudDrive.Connector.Common\CloudDrive.Connector.Common.csproj", "{305243EE-6AFF-4CF2-A9B0-0846A57C3120}"
EndProject
Project("{9A19103F-16F7-4668-BE54-9A1E7A4F7556}") = "CloudDrive.Connector.LocalDrive", "CloudDrive.Connector.LocalDrive\CloudDrive.Connector.LocalDrive.csproj", "{93F7E9E8-EC97-40BE-A756-0D62C3BDA76A}"
EndProject
Project("{9A19103F-16F7-4668-BE54-9A1E7A4F7556}") = "CloudDrive.Connector.OneDrive", "CloudDrive.Connector.OneDrive\CloudDrive.Connector.OneDrive.csproj", "{1B2A830B-0E73-40CA-9033-17F12F11958D}"
EndProject
Project("{2150E333-8FDC-42A3-9474-1A3956D46DE8}") = "sources", "sources", "{AC517391-2536-4A35-89FA-52F89A2DE2D2}"
EndProject
Project("{2150E333-8FDC-42A3-9474-1A3956D46DE8}") = "tests", "tests", "{33BFDEE9-BF04-45BF-AAED-70B4ACE6B271}"
EndProject
Project("{9A19103F-16F7-4668-BE54-9A1E7A4F7556}") = "CloudDrive.Connector.OneDrive.Tests", "..\tests\CloudDrive.Connector.OneDrive.Tests\CloudDrive.Connector.OneDrive.Tests.csproj", "{381BE8B3-AB32-427C-B307-68B98441849C}"
EndProject
Global
	GlobalSection(SolutionConfigurationPlatforms) = preSolution
		Debug|Any CPU = Debug|Any CPU
		Release|Any CPU = Release|Any CPU
	EndGlobalSection
	GlobalSection(ProjectConfigurationPlatforms) = postSolution
		{305243EE-6AFF-4CF2-A9B0-0846A57C3120}.Debug|Any CPU.ActiveCfg = Debug|Any CPU
		{305243EE-6AFF-4CF2-A9B0-0846A57C3120}.Debug|Any CPU.Build.0 = Debug|Any CPU
		{305243EE-6AFF-4CF2-A9B0-0846A57C3120}.Release|Any CPU.ActiveCfg = Release|Any CPU
		{305243EE-6AFF-4CF2-A9B0-0846A57C3120}.Release|Any CPU.Build.0 = Release|Any CPU
		{93F7E9E8-EC97-40BE-A756-0D62C3BDA76A}.Debug|Any CPU.ActiveCfg = Debug|Any CPU
		{93F7E9E8-EC97-40BE-A756-0D62C3BDA76A}.Debug|Any CPU.Build.0 = Debug|Any CPU
		{93F7E9E8-EC97-40BE-A756-0D62C3BDA76A}.Release|Any CPU.ActiveCfg = Release|Any CPU
		{93F7E9E8-EC97-40BE-A756-0D62C3BDA76A}.Release|Any CPU.Build.0 = Release|Any CPU
		{1B2A830B-0E73-40CA-9033-17F12F11958D}.Debug|Any CPU.ActiveCfg = Debug|Any CPU
		{1B2A830B-0E73-40CA-9033-17F12F11958D}.Debug|Any CPU.Build.0 = Debug|Any CPU
		{1B2A830B-0E73-40CA-9033-17F12F11958D}.Release|Any CPU.ActiveCfg = Release|Any CPU
		{1B2A830B-0E73-40CA-9033-17F12F11958D}.Release|Any CPU.Build.0 = Release|Any CPU
		{381BE8B3-AB32-427C-B307-68B98441849C}.Debug|Any CPU.ActiveCfg = Debug|Any CPU
		{381BE8B3-AB32-427C-B307-68B98441849C}.Debug|Any CPU.Build.0 = Debug|Any CPU
		{381BE8B3-AB32-427C-B307-68B98441849C}.Release|Any CPU.ActiveCfg = Release|Any CPU
		{381BE8B3-AB32-427C-B307-68B98441849C}.Release|Any CPU.Build.0 = Release|Any CPU
	EndGlobalSection
	GlobalSection(SolutionProperties) = preSolution
		HideSolutionNode = FALSE
	EndGlobalSection
	GlobalSection(NestedProjects) = preSolution
		{305243EE-6AFF-4CF2-A9B0-0846A57C3120} = {AC517391-2536-4A35-89FA-52F89A2DE2D2}
		{93F7E9E8-EC97-40BE-A756-0D62C3BDA76A} = {AC517391-2536-4A35-89FA-52F89A2DE2D2}
		{1B2A830B-0E73-40CA-9033-17F12F11958D} = {AC517391-2536-4A35-89FA-52F89A2DE2D2}
		{381BE8B3-AB32-427C-B307-68B98441849C} = {33BFDEE9-BF04-45BF-AAED-70B4ACE6B271}
	EndGlobalSection
	GlobalSection(ExtensibilityGlobals) = postSolution
		SolutionGuid = {2F0D7C80-7D3A-4E6F-BDF6-CE97BF71E4FC}
	EndGlobalSection
EndGlobal
